
Microsoft Visual Studio Solution File, Format Version 12.00
# Visual Studio Version 17
VisualStudioVersion = 17.8.34316.72
MinimumVisualStudioVersion = 10.0.40219.1
Project("{FAE04EC0-301F-11D3-BF4B-00C04F79EFBC}") = "ConsoleApp1", "ConsoleApp1.csproj", "{FEDBB676-E42A-4D2E-8421-9B1B4C498536}"
EndProject
Global
	GlobalSection(SolutionConfigurationPlatforms) = preSolution
		Debug|Any CPU = Debug|Any CPU
		Release|Any CPU = Release|Any CPU
	EndGlobalSection
	GlobalSection(ProjectConfigurationPlatforms) = postSolution
		{FEDBB676-E42A-4D2E-8421-9B1B4C498536}.Debug|Any CPU.ActiveCfg = Debug|Any CPU
		{FEDBB676-E42A-4D2E-8421-9B1B4C498536}.Debug|Any CPU.Build.0 = Debug|Any CPU
		{FEDBB676-E42A-4D2E-8421-9B1B4C498536}.Release|Any CPU.ActiveCfg = Release|Any CPU
		{FEDBB676-E42A-4D2E-8421-9B1B4C498536}.Release|Any CPU.Build.0 = Release|Any CPU
	EndGlobalSection
	GlobalSection(SolutionProperties) = preSolution
		HideSolutionNode = FALSE
	EndGlobalSection
	GlobalSection(ExtensibilityGlobals) = postSolution
		SolutionGuid = {0CA82207-B5A0-4376-A6AE-EB20516BBCFE}
	EndGlobalSection
EndGlobal
